
Microsoft Visual Studio Solution File, Format Version 12.00
# Visual Studio Version 16
VisualStudioVersion = 16.0.31624.102
MinimumVisualStudioVersion = 10.0.40219.1
Project("{FAE04EC0-301F-11D3-BF4B-00C04F79EFBC}") = "descriptors", "descriptors.csproj", "{733F4C46-A02B-46BF-B8AB-A4161A506B30}"
EndProject
Global
	GlobalSection(SolutionConfigurationPlatforms) = preSolution
		Debug|Any CPU = Debug|Any CPU
		Release|Any CPU = Release|Any CPU
	EndGlobalSection
	GlobalSection(ProjectConfigurationPlatforms) = postSolution
		{733F4C46-A02B-46BF-B8AB-A4161A506B30}.Debug|Any CPU.ActiveCfg = Debug|Any CPU
		{733F4C46-A02B-46BF-B8AB-A4161A506B30}.Debug|Any CPU.Build.0 = Debug|Any CPU
		{733F4C46-A02B-46BF-B8AB-A4161A506B30}.Release|Any CPU.ActiveCfg = Release|Any CPU
		{733F4C46-A02B-46BF-B8AB-A4161A506B30}.Release|Any CPU.Build.0 = Release|Any CPU
	EndGlobalSection
	GlobalSection(SolutionProperties) = preSolution
		HideSolutionNode = FALSE
	EndGlobalSection
	GlobalSection(ExtensibilityGlobals) = postSolution
		SolutionGuid = {A85C7502-7F7D-4590-8DAA-A3F3285773B2}
	EndGlobalSection
EndGlobal
